# This file is automatically @generated by Wally.
# It is not intended for manual editing.
registry = "test"

[[package]]
name = "evaera/promise"
version = "4.0.0"
dependencies = []

[[package]]
name = "jsdotlua/boolean"
version = "1.2.3"
dependencies = [["Number", "jsdotlua/number@1.2.3"]]

[[package]]
name = "jsdotlua/collections"
version = "1.2.3"
dependencies = [["ES7Types", "jsdotlua/es7-types@1.2.3"], ["InstanceOf", "jsdotlua/instance-of@1.2.3"]]

[[package]]
name = "jsdotlua/console"
version = "1.2.3"
dependencies = [["Collections", "jsdotlua/collections@1.2.3"]]

[[package]]
name = "jsdotlua/es7-types"
version = "1.2.3"
dependencies = []

[[package]]
name = "jsdotlua/instance-of"
version = "1.2.3"
dependencies = []

[[package]]
name = "jsdotlua/luau-polyfill"
version = "1.2.3"
dependencies = [["Boolean", "jsdotlua/boolean@1.2.3"], ["Collections", "jsdotlua/collections@1.2.3"], ["Console", "jsdotlua/console@1.2.3"], ["ES7Types", "jsdotlua/es7-types@1.2.3"], ["InstanceOf", "jsdotlua/instance-of@1.2.3"], ["Math", "jsdotlua/math@1.2.3"], ["Number", "jsdotlua/number@1.2.3"], ["String", "jsdotlua/string@1.2.3"], ["Symbol", "jsdotlua/symbol@1.0.0"], ["Timers", "jsdotlua/timers@1.2.3"]]

[[package]]
name = "jsdotlua/math"
version = "1.2.3"
dependencies = []

[[package]]
name = "jsdotlua/no-op"
version = "0.1.0"
dependencies = [["LuauPolyfill", "jsdotlua/luau-polyfill@1.2.3"], ["Promise", "evaera/promise@4.0.0"]]

[[package]]
name = "jsdotlua/number"
version = "1.2.3"
dependencies = []

[[package]]
name = "jsdotlua/string"
version = "1.2.3"
dependencies = [["ES7Types", "jsdotlua/es7-types@1.2.3"], ["Number", "jsdotlua/number@1.2.3"]]

[[package]]
name = "jsdotlua/symbol"
version = "1.0.0"
dependencies = []

[[package]]
name = "jsdotlua/timers"
version = "1.2.3"
dependencies = [["Collections", "jsdotlua/collections@1.2.3"]]
