# This file is generated by running "yarn install" inside your project.
# Manual changes might be lost - proceed with caution!

__metadata:
  version: 8
  cacheKey: 10c0

"@jsdotlua/boolean@npm:^1.2.7":
  version: 1.2.7
  resolution: "@jsdotlua/boolean@npm:1.2.7"
  dependencies:
    "@jsdotlua/number": "npm:^1.2.7"
  checksum: 10c0/a7342b8a5c5764a99446b91cf91e0e41ec789f468acdb5e657d33eb3c6c207b9c94590d318496466520cb8590b7f4c1baea0aca89798c7f88749f8d237e15c2f
  languageName: node
  linkType: hard

"@jsdotlua/collections@npm:^1.2.7":
  version: 1.2.7
  resolution: "@jsdotlua/collections@npm:1.2.7"
  dependencies:
    "@jsdotlua/es7-types": "npm:^1.2.7"
    "@jsdotlua/instance-of": "npm:^1.2.7"
  checksum: 10c0/ee4dc2129bdfb2c07a81027738335292f5a37329bd6b34d2be11589384fc6d37d0cdb2bf198d794ad764b188b2441c49d21eea2eedcbf27c8214f4a432164122
  languageName: node
  linkType: hard

"@jsdotlua/console@npm:^1.2.7":
  version: 1.2.7
  resolution: "@jsdotlua/console@npm:1.2.7"
  dependencies:
    "@jsdotlua/collections": "npm:^1.2.7"
  checksum: 10c0/0ea98ef96d23a78fadbcf365fe4f0fd6fc04c753305ed180550396ebb7084120c9224d18b323cea35f9261de94c6b29855cadb1d91c1961f3cdc888c4a319413
  languageName: node
  linkType: hard

"@jsdotlua/es7-types@npm:^1.2.7":
  version: 1.2.7
  resolution: "@jsdotlua/es7-types@npm:1.2.7"
  checksum: 10c0/c639dfb8b6039a385424e24b6636cc12607ba1ff09da046ec37bd1af47b55a95f7a4b3ae8f4bdbd2f0b7bed08316e00e32debbc11afc0acf252182afe06a8f71
  languageName: node
  linkType: hard

"@jsdotlua/instance-of@npm:^1.2.7":
  version: 1.2.7
  resolution: "@jsdotlua/instance-of@npm:1.2.7"
  checksum: 10c0/a3ebb3fd7750fb23afb26338eaa0e4c0dfe7badfd9180b4a72749a0d910269d484ce93c53bdb3219318576a87c175932bbe87466dbff870141b66541c5943eda
  languageName: node
  linkType: hard

"@jsdotlua/luau-polyfill@npm:^1.2.6":
  version: 1.2.7
  resolution: "@jsdotlua/luau-polyfill@npm:1.2.7"
  dependencies:
    "@jsdotlua/boolean": "npm:^1.2.7"
    "@jsdotlua/collections": "npm:^1.2.7"
    "@jsdotlua/console": "npm:^1.2.7"
    "@jsdotlua/es7-types": "npm:^1.2.7"
    "@jsdotlua/instance-of": "npm:^1.2.7"
    "@jsdotlua/math": "npm:^1.2.7"
    "@jsdotlua/number": "npm:^1.2.7"
    "@jsdotlua/string": "npm:^1.2.7"
    "@jsdotlua/timers": "npm:^1.2.7"
    symbol-luau: "npm:^1.0.0"
  checksum: 10c0/1f98940c9f7cff669c9202370e2faa1e577ec2c7fd32c85773fcf20a00a6255dc99dd49f8962799db30526f436b08af4d9710c86b2d2d30b9184da4b60620c5c
  languageName: node
  linkType: hard

"@jsdotlua/math@npm:^1.2.7":
  version: 1.2.7
  resolution: "@jsdotlua/math@npm:1.2.7"
  checksum: 10c0/4e622511789a89d6c92c7c03856ac18763b402c1638b482df29dee43e56edd662b1131f27945919eb9a3960c26196767ca9e12bea118aa6c9781d2b10807291f
  languageName: node
  linkType: hard

"@jsdotlua/number@npm:^1.2.7":
  version: 1.2.7
  resolution: "@jsdotlua/number@npm:1.2.7"
  checksum: 10c0/ffb9ee335508f90f381419616e066bed3b294d3d77bbda73378fcabf3ccd1881b9f69364d1f4ed979e8b870c478a860a79921e12f7efbeb4b310e4208b75edfd
  languageName: node
  linkType: hard

"@jsdotlua/promise@npm:^3.5.0":
  version: 3.5.0
  resolution: "@jsdotlua/promise@npm:3.5.0"
  checksum: 10c0/8771dac525b8d608ad319040b742cdde8f4cbbd4a075ae02dad4d510c8ab739dabf7de40ae1b15211e3890331cf3e7d9454fdcb3ec9a08471663436c0e9ec977
  languageName: node
  linkType: hard

"@jsdotlua/react-cache@workspace:modules/react-cache":
  version: 0.0.0-use.local
  resolution: "@jsdotlua/react-cache@workspace:modules/react-cache"
  dependencies:
    "@jsdotlua/luau-polyfill": "npm:^1.2.6"
    "@jsdotlua/react": "workspace:^"
    "@jsdotlua/scheduler": "workspace:^"
    "@jsdotlua/shared": "workspace:^"
    npmluau: "npm:^0.1.0"
  languageName: unknown
  linkType: soft

"@jsdotlua/react-debug-tools@workspace:^, @jsdotlua/react-debug-tools@workspace:modules/react-debug-tools":
  version: 0.0.0-use.local
  resolution: "@jsdotlua/react-debug-tools@workspace:modules/react-debug-tools"
  dependencies:
    "@jsdotlua/luau-polyfill": "npm:^1.2.6"
    "@jsdotlua/react-reconciler": "workspace:^"
    "@jsdotlua/shared": "workspace:^"
    npmluau: "npm:^0.1.0"
  languageName: unknown
  linkType: soft

"@jsdotlua/react-devtools-extensions@workspace:modules/react-devtools-extensions":
  version: 0.0.0-use.local
  resolution: "@jsdotlua/react-devtools-extensions@workspace:modules/react-devtools-extensions"
  dependencies:
    "@jsdotlua/luau-polyfill": "npm:^1.2.6"
    "@jsdotlua/react": "workspace:^"
    "@jsdotlua/react-devtools-shared": "workspace:^"
    "@jsdotlua/react-roblox": "workspace:^"
    "@jsdotlua/shared": "workspace:^"
    npmluau: "npm:^0.1.0"
  languageName: unknown
  linkType: soft

"@jsdotlua/react-devtools-shared@workspace:^, @jsdotlua/react-devtools-shared@workspace:modules/react-devtools-shared":
  version: 0.0.0-use.local
  resolution: "@jsdotlua/react-devtools-shared@workspace:modules/react-devtools-shared"
  dependencies:
    "@jsdotlua/luau-polyfill": "npm:^1.2.6"
    "@jsdotlua/react": "workspace:^"
    "@jsdotlua/react-debug-tools": "workspace:^"
    "@jsdotlua/react-is": "workspace:^"
    "@jsdotlua/react-reconciler": "workspace:^"
    "@jsdotlua/react-roblox": "workspace:^"
    "@jsdotlua/shared": "workspace:^"
    npmluau: "npm:^0.1.0"
  languageName: unknown
  linkType: soft

"@jsdotlua/react-is@workspace:^, @jsdotlua/react-is@workspace:modules/react-is":
  version: 0.0.0-use.local
  resolution: "@jsdotlua/react-is@workspace:modules/react-is"
  dependencies:
    "@jsdotlua/shared": "workspace:^"
    npmluau: "npm:^0.1.0"
  languageName: unknown
  linkType: soft

"@jsdotlua/react-reconciler@workspace:^, @jsdotlua/react-reconciler@workspace:modules/react-reconciler":
  version: 0.0.0-use.local
  resolution: "@jsdotlua/react-reconciler@workspace:modules/react-reconciler"
  dependencies:
    "@jsdotlua/luau-polyfill": "npm:^1.2.6"
    "@jsdotlua/promise": "npm:^3.5.0"
    "@jsdotlua/react": "workspace:^"
    "@jsdotlua/scheduler": "workspace:^"
    "@jsdotlua/shared": "workspace:^"
    npmluau: "npm:^0.1.0"
  languageName: unknown
  linkType: soft

"@jsdotlua/react-roblox@workspace:^, @jsdotlua/react-roblox@workspace:modules/react-roblox":
  version: 0.0.0-use.local
  resolution: "@jsdotlua/react-roblox@workspace:modules/react-roblox"
  dependencies:
    "@jsdotlua/luau-polyfill": "npm:^1.2.6"
    "@jsdotlua/react": "workspace:^"
    "@jsdotlua/react-reconciler": "workspace:^"
    "@jsdotlua/scheduler": "workspace:^"
    "@jsdotlua/shared": "workspace:^"
    npmluau: "npm:^0.1.0"
  languageName: unknown
  linkType: soft

"@jsdotlua/react-shallow-renderer@workspace:modules/react-shallow-renderer":
  version: 0.0.0-use.local
  resolution: "@jsdotlua/react-shallow-renderer@workspace:modules/react-shallow-renderer"
  dependencies:
    "@jsdotlua/luau-polyfill": "npm:^1.2.6"
    "@jsdotlua/react": "workspace:^"
    "@jsdotlua/react-is": "workspace:^"
    "@jsdotlua/shared": "workspace:^"
    npmluau: "npm:^0.1.0"
  languageName: unknown
  linkType: soft

"@jsdotlua/react-test-renderer@workspace:modules/react-test-renderer":
  version: 0.0.0-use.local
  resolution: "@jsdotlua/react-test-renderer@workspace:modules/react-test-renderer"
  dependencies:
    "@jsdotlua/luau-polyfill": "npm:^1.2.6"
    "@jsdotlua/react": "workspace:^"
    "@jsdotlua/react-reconciler": "workspace:^"
    "@jsdotlua/scheduler": "workspace:^"
    "@jsdotlua/shared": "workspace:^"
    npmluau: "npm:^0.1.0"
  languageName: unknown
  linkType: soft

"@jsdotlua/react@workspace:^, @jsdotlua/react@workspace:modules/react":
  version: 0.0.0-use.local
  resolution: "@jsdotlua/react@workspace:modules/react"
  dependencies:
    "@jsdotlua/luau-polyfill": "npm:^1.2.6"
    "@jsdotlua/shared": "workspace:^"
    npmluau: "npm:^0.1.0"
  languageName: unknown
  linkType: soft

"@jsdotlua/roact-compat@workspace:modules/roact-compat":
  version: 0.0.0-use.local
  resolution: "@jsdotlua/roact-compat@workspace:modules/roact-compat"
  dependencies:
    "@jsdotlua/luau-polyfill": "npm:^1.2.6"
    "@jsdotlua/react": "workspace:^"
    "@jsdotlua/react-roblox": "workspace:^"
    "@jsdotlua/shared": "workspace:^"
    npmluau: "npm:^0.1.0"
  languageName: unknown
  linkType: soft

"@jsdotlua/scheduler@workspace:^, @jsdotlua/scheduler@workspace:modules/scheduler":
  version: 0.0.0-use.local
  resolution: "@jsdotlua/scheduler@workspace:modules/scheduler"
  dependencies:
    "@jsdotlua/luau-polyfill": "npm:^1.2.6"
    "@jsdotlua/shared": "workspace:^"
    npmluau: "npm:^0.1.0"
  languageName: unknown
  linkType: soft

"@jsdotlua/shared@workspace:^, @jsdotlua/shared@workspace:modules/shared":
  version: 0.0.0-use.local
  resolution: "@jsdotlua/shared@workspace:modules/shared"
  dependencies:
    "@jsdotlua/luau-polyfill": "npm:^1.2.6"
    npmluau: "npm:^0.1.0"
  languageName: unknown
  linkType: soft

"@jsdotlua/string@npm:^1.2.7":
  version: 1.2.7
  resolution: "@jsdotlua/string@npm:1.2.7"
  dependencies:
    "@jsdotlua/es7-types": "npm:^1.2.7"
    "@jsdotlua/number": "npm:^1.2.7"
  checksum: 10c0/2a4fea39734748f5b0e188b143cd178f460e32998745faf3b99364cb51fdd354d77c9c2a2138f28a71c5dad2cf10112a4368017aa2c9b12c36d198b84ccb079c
  languageName: node
  linkType: hard

"@jsdotlua/timers@npm:^1.2.7":
  version: 1.2.7
  resolution: "@jsdotlua/timers@npm:1.2.7"
  dependencies:
    "@jsdotlua/collections": "npm:^1.2.7"
  checksum: 10c0/ce7c1aeb0278436319325f45c6866f3a580453ca1e094ca9641421083268283b8e896a90e249108d89b8700fdd0571d39e687e94e2f27561628d5c83b33db673
  languageName: node
  linkType: hard

"commander@npm:^11.0.0, commander@npm:^11.1.0":
  version: 11.1.0
  resolution: "commander@npm:11.1.0"
  checksum: 10c0/13cc6ac875e48780250f723fb81c1c1178d35c5decb1abb1b628b3177af08a8554e76b2c0f29de72d69eef7c864d12613272a71fabef8047922bc622ab75a179
  languageName: node
  linkType: hard

"npmluau@npm:^0.1.0, npmluau@npm:^0.1.1":
  version: 0.1.1
  resolution: "npmluau@npm:0.1.1"
  dependencies:
    commander: "npm:^11.0.0"
    walkdir: "npm:^0.4.1"
  bin:
    npmluau: main.js
  checksum: 10c0/9ae22c0dcff9e85c90b4da4e8c17bc51e9b567b4a417c9767d355ff68faca4f99a2934b581743ebc8729f6851d1ba5b64597312151747252e040517d1794fbca
  languageName: node
  linkType: hard

"symbol-luau@npm:^1.0.0":
  version: 1.0.1
  resolution: "symbol-luau@npm:1.0.1"
  checksum: 10c0/ab51a77331b2d5e4666528bada17e67b26aea355257bba9e97351016cd1836bd19f372355a14cf5bef2f4d5bc6b32fe91aeb09698d7bdc079d2c61330bedf251
  languageName: node
  linkType: hard

"walkdir@npm:^0.4.1":
  version: 0.4.1
  resolution: "walkdir@npm:0.4.1"
  checksum: 10c0/88e635aa9303e9196e4dc15013d2bd4afca4c8c8b4bb27722ca042bad213bb882d3b9141b3b0cca6bfb274f7889b30cf58d6374844094abec0016f335c5414dc
  languageName: node
  linkType: hard

"workspace@workspace:.":
  version: 0.0.0-use.local
  resolution: "workspace@workspace:."
  dependencies:
    commander: "npm:^11.1.0"
    npmluau: "npm:^0.1.1"
  languageName: unknown
  linkType: soft
