# This file is generated by running "yarn install" inside your project.
# Manual changes might be lost - proceed with caution!

__metadata:
  version: 8
  cacheKey: 10c0

"@jsdotlua/boolean@npm:^1.2.6":
  version: 1.2.6
  resolution: "@jsdotlua/boolean@npm:1.2.6"
  dependencies:
    "@jsdotlua/number": "npm:^1.2.6"
  checksum: 10c0/5f567e556bb7c56102327a97468571522ce939be6cdc1b51591afc3dfc1dff4b2c9ec5462e7809bd9a515b3bdfc1c3eaabb4f631892cb5f471b4fc8da188cb84
  languageName: node
  linkType: hard

"@jsdotlua/collections@npm:^1.2.6":
  version: 1.2.6
  resolution: "@jsdotlua/collections@npm:1.2.6"
  dependencies:
    "@jsdotlua/es7-types": "npm:^1.2.6"
    "@jsdotlua/instance-of": "npm:^1.2.6"
  checksum: 10c0/a4b3fe826358484528f10e8ca61a80d841a6515a22277a003117449da66ea1fb891c7b4103b952b01bd7d75666f26cb41c8efb852672aa8aaaaebbcd656dca79
  languageName: node
  linkType: hard

"@jsdotlua/console@npm:^1.2.6":
  version: 1.2.6
  resolution: "@jsdotlua/console@npm:1.2.6"
  dependencies:
    "@jsdotlua/collections": "npm:^1.2.6"
  checksum: 10c0/eff658d9e8d23f932893facf18400a29ada54d1a24748b751aac1e4df48e92ff70b3b2ccd1ab6a4f2490dd709f826fe39427fb80f01a7574265fdd4e8af9187a
  languageName: node
  linkType: hard

"@jsdotlua/es7-types@npm:^1.2.6":
  version: 1.2.6
  resolution: "@jsdotlua/es7-types@npm:1.2.6"
  checksum: 10c0/e5710f5f6de0608aec22744845e3a24acc47e2bda6cfc0b1fe4040935039b73e8467da90c3a6c9d75b08c9f39d2b98e9d72d54f3f630012538a7d53ad828a0d6
  languageName: node
  linkType: hard

"@jsdotlua/instance-of@npm:^1.2.6":
  version: 1.2.6
  resolution: "@jsdotlua/instance-of@npm:1.2.6"
  checksum: 10c0/0958caf214bb0556c1dcf94096410c367f413af4b02ef3adbd733e47435d8734b583217804bed5aec8308d56ccfb39032bb12fd4337e01ec5ae2db690b2ca9ce
  languageName: node
  linkType: hard

"@jsdotlua/luau-polyfill@npm:^1.2.6":
  version: 1.2.6
  resolution: "@jsdotlua/luau-polyfill@npm:1.2.6"
  dependencies:
    "@jsdotlua/boolean": "npm:^1.2.6"
    "@jsdotlua/collections": "npm:^1.2.6"
    "@jsdotlua/console": "npm:^1.2.6"
    "@jsdotlua/es7-types": "npm:^1.2.6"
    "@jsdotlua/instance-of": "npm:^1.2.6"
    "@jsdotlua/math": "npm:^1.2.6"
    "@jsdotlua/number": "npm:^1.2.6"
    "@jsdotlua/string": "npm:^1.2.6"
    "@jsdotlua/timers": "npm:^1.2.6"
    symbol-luau: "npm:^1.0.0"
  checksum: 10c0/63265f9fde3b895400d12802929ddab5daed79efc4e2aa90325b2eea0e2b7addcf351d35ad8bb19955956e913c212408944d73b6f3126223893d17cecd24de61
  languageName: node
  linkType: hard

"@jsdotlua/math@npm:^1.2.6":
  version: 1.2.6
  resolution: "@jsdotlua/math@npm:1.2.6"
  checksum: 10c0/06137df2a6352d4f5c730a7cf9e2902509d36de08415a3c70d470a05669dfeaf48e4aff2d5b6885a92b8f4d19fd0294a40f147a3f39c8558e887a09eb3ccd9e0
  languageName: node
  linkType: hard

"@jsdotlua/number@npm:^1.2.6":
  version: 1.2.6
  resolution: "@jsdotlua/number@npm:1.2.6"
  checksum: 10c0/74541fce86f80c52f05e5d4ca774d94f08ed21619af7b575c2bb7284e24fc2b178626c9888e286459a344d662cafab74d839ec8b95dcdab551fd14754911a292
  languageName: node
  linkType: hard

"@jsdotlua/promise@npm:^3.5.0":
  version: 3.5.0
  resolution: "@jsdotlua/promise@npm:3.5.0"
  checksum: 10c0/8771dac525b8d608ad319040b742cdde8f4cbbd4a075ae02dad4d510c8ab739dabf7de40ae1b15211e3890331cf3e7d9454fdcb3ec9a08471663436c0e9ec977
  languageName: node
  linkType: hard

"@jsdotlua/react-cache@workspace:modules/react-cache":
  version: 0.0.0-use.local
  resolution: "@jsdotlua/react-cache@workspace:modules/react-cache"
  dependencies:
    "@jsdotlua/luau-polyfill": "npm:^1.2.6"
    "@jsdotlua/react": "workspace:^"
    "@jsdotlua/scheduler": "workspace:^"
    "@jsdotlua/shared": "workspace:^"
    npmluau: "npm:^0.1.0"
  languageName: unknown
  linkType: soft

"@jsdotlua/react-debug-tools@workspace:^, @jsdotlua/react-debug-tools@workspace:modules/react-debug-tools":
  version: 0.0.0-use.local
  resolution: "@jsdotlua/react-debug-tools@workspace:modules/react-debug-tools"
  dependencies:
    "@jsdotlua/luau-polyfill": "npm:^1.2.6"
    "@jsdotlua/react-reconciler": "workspace:^"
    "@jsdotlua/shared": "workspace:^"
    npmluau: "npm:^0.1.0"
  languageName: unknown
  linkType: soft

"@jsdotlua/react-devtools-extensions@workspace:modules/react-devtools-extensions":
  version: 0.0.0-use.local
  resolution: "@jsdotlua/react-devtools-extensions@workspace:modules/react-devtools-extensions"
  dependencies:
    "@jsdotlua/luau-polyfill": "npm:^1.2.6"
    "@jsdotlua/react": "workspace:^"
    "@jsdotlua/react-devtools-shared": "workspace:^"
    "@jsdotlua/react-roblox": "workspace:^"
    "@jsdotlua/shared": "workspace:^"
    npmluau: "npm:^0.1.0"
  languageName: unknown
  linkType: soft

"@jsdotlua/react-devtools-shared@workspace:^, @jsdotlua/react-devtools-shared@workspace:modules/react-devtools-shared":
  version: 0.0.0-use.local
  resolution: "@jsdotlua/react-devtools-shared@workspace:modules/react-devtools-shared"
  dependencies:
    "@jsdotlua/luau-polyfill": "npm:^1.2.6"
    "@jsdotlua/react": "workspace:^"
    "@jsdotlua/react-debug-tools": "workspace:^"
    "@jsdotlua/react-is": "workspace:^"
    "@jsdotlua/react-reconciler": "workspace:^"
    "@jsdotlua/react-roblox": "workspace:^"
    "@jsdotlua/shared": "workspace:^"
    npmluau: "npm:^0.1.0"
  languageName: unknown
  linkType: soft

"@jsdotlua/react-is@workspace:^, @jsdotlua/react-is@workspace:modules/react-is":
  version: 0.0.0-use.local
  resolution: "@jsdotlua/react-is@workspace:modules/react-is"
  dependencies:
    "@jsdotlua/shared": "workspace:^"
    npmluau: "npm:^0.1.0"
  languageName: unknown
  linkType: soft

"@jsdotlua/react-reconciler@workspace:^, @jsdotlua/react-reconciler@workspace:modules/react-reconciler":
  version: 0.0.0-use.local
  resolution: "@jsdotlua/react-reconciler@workspace:modules/react-reconciler"
  dependencies:
    "@jsdotlua/luau-polyfill": "npm:^1.2.6"
    "@jsdotlua/promise": "npm:^3.5.0"
    "@jsdotlua/react": "workspace:^"
    "@jsdotlua/scheduler": "workspace:^"
    "@jsdotlua/shared": "workspace:^"
    npmluau: "npm:^0.1.0"
  languageName: unknown
  linkType: soft

"@jsdotlua/react-roblox@workspace:^, @jsdotlua/react-roblox@workspace:modules/react-roblox":
  version: 0.0.0-use.local
  resolution: "@jsdotlua/react-roblox@workspace:modules/react-roblox"
  dependencies:
    "@jsdotlua/luau-polyfill": "npm:^1.2.6"
    "@jsdotlua/react": "workspace:^"
    "@jsdotlua/react-reconciler": "workspace:^"
    "@jsdotlua/scheduler": "workspace:^"
    "@jsdotlua/shared": "workspace:^"
    npmluau: "npm:^0.1.0"
  languageName: unknown
  linkType: soft

"@jsdotlua/react-shallow-renderer@workspace:modules/react-shallow-renderer":
  version: 0.0.0-use.local
  resolution: "@jsdotlua/react-shallow-renderer@workspace:modules/react-shallow-renderer"
  dependencies:
    "@jsdotlua/luau-polyfill": "npm:^1.2.6"
    "@jsdotlua/react": "workspace:^"
    "@jsdotlua/react-is": "workspace:^"
    "@jsdotlua/shared": "workspace:^"
    npmluau: "npm:^0.1.0"
  languageName: unknown
  linkType: soft

"@jsdotlua/react-test-renderer@workspace:modules/react-test-renderer":
  version: 0.0.0-use.local
  resolution: "@jsdotlua/react-test-renderer@workspace:modules/react-test-renderer"
  dependencies:
    "@jsdotlua/luau-polyfill": "npm:^1.2.6"
    "@jsdotlua/react": "workspace:^"
    "@jsdotlua/react-reconciler": "workspace:^"
    "@jsdotlua/scheduler": "workspace:^"
    "@jsdotlua/shared": "workspace:^"
    npmluau: "npm:^0.1.0"
  languageName: unknown
  linkType: soft

"@jsdotlua/react@workspace:^, @jsdotlua/react@workspace:modules/react":
  version: 0.0.0-use.local
  resolution: "@jsdotlua/react@workspace:modules/react"
  dependencies:
    "@jsdotlua/luau-polyfill": "npm:^1.2.6"
    "@jsdotlua/shared": "workspace:^"
    npmluau: "npm:^0.1.0"
  languageName: unknown
  linkType: soft

"@jsdotlua/roact-compat@workspace:modules/roact-compat":
  version: 0.0.0-use.local
  resolution: "@jsdotlua/roact-compat@workspace:modules/roact-compat"
  dependencies:
    "@jsdotlua/luau-polyfill": "npm:^1.2.6"
    "@jsdotlua/react": "workspace:^"
    "@jsdotlua/react-roblox": "workspace:^"
    "@jsdotlua/shared": "workspace:^"
    npmluau: "npm:^0.1.0"
  languageName: unknown
  linkType: soft

"@jsdotlua/scheduler@workspace:^, @jsdotlua/scheduler@workspace:modules/scheduler":
  version: 0.0.0-use.local
  resolution: "@jsdotlua/scheduler@workspace:modules/scheduler"
  dependencies:
    "@jsdotlua/luau-polyfill": "npm:^1.2.6"
    "@jsdotlua/shared": "workspace:^"
    npmluau: "npm:^0.1.0"
  languageName: unknown
  linkType: soft

"@jsdotlua/shared@workspace:^, @jsdotlua/shared@workspace:modules/shared":
  version: 0.0.0-use.local
  resolution: "@jsdotlua/shared@workspace:modules/shared"
  dependencies:
    "@jsdotlua/luau-polyfill": "npm:^1.2.6"
    npmluau: "npm:^0.1.0"
  languageName: unknown
  linkType: soft

"@jsdotlua/string@npm:^1.2.6":
  version: 1.2.6
  resolution: "@jsdotlua/string@npm:1.2.6"
  dependencies:
    "@jsdotlua/es7-types": "npm:^1.2.6"
    "@jsdotlua/number": "npm:^1.2.6"
  checksum: 10c0/de51c662439110642b699e4196240aa45ec4b8814f99bc606acb84dbb3f1c6889099bb722b3370f5873e06bd65c76779b5d94694309c9bdc63d324f40add2b0f
  languageName: node
  linkType: hard

"@jsdotlua/timers@npm:^1.2.6":
  version: 1.2.6
  resolution: "@jsdotlua/timers@npm:1.2.6"
  dependencies:
    "@jsdotlua/collections": "npm:^1.2.6"
  checksum: 10c0/f3ec2753894e4939f7dfdf0072517f1e769e4009b4bd882c9c6878526372753ac4b08b531e1a32c96b7bccb5bf10bb8e2f5730cbc70534da7eddc620fbccaaca
  languageName: node
  linkType: hard

"commander@npm:^11.0.0, commander@npm:^11.1.0":
  version: 11.1.0
  resolution: "commander@npm:11.1.0"
  checksum: 10c0/13cc6ac875e48780250f723fb81c1c1178d35c5decb1abb1b628b3177af08a8554e76b2c0f29de72d69eef7c864d12613272a71fabef8047922bc622ab75a179
  languageName: node
  linkType: hard

"npmluau@npm:^0.1.0, npmluau@npm:^0.1.1":
  version: 0.1.1
  resolution: "npmluau@npm:0.1.1"
  dependencies:
    commander: "npm:^11.0.0"
    walkdir: "npm:^0.4.1"
  bin:
    npmluau: main.js
  checksum: 10c0/9ae22c0dcff9e85c90b4da4e8c17bc51e9b567b4a417c9767d355ff68faca4f99a2934b581743ebc8729f6851d1ba5b64597312151747252e040517d1794fbca
  languageName: node
  linkType: hard

"symbol-luau@npm:^1.0.0":
  version: 1.0.1
  resolution: "symbol-luau@npm:1.0.1"
  checksum: 10c0/ab51a77331b2d5e4666528bada17e67b26aea355257bba9e97351016cd1836bd19f372355a14cf5bef2f4d5bc6b32fe91aeb09698d7bdc079d2c61330bedf251
  languageName: node
  linkType: hard

"walkdir@npm:^0.4.1":
  version: 0.4.1
  resolution: "walkdir@npm:0.4.1"
  checksum: 10c0/88e635aa9303e9196e4dc15013d2bd4afca4c8c8b4bb27722ca042bad213bb882d3b9141b3b0cca6bfb274f7889b30cf58d6374844094abec0016f335c5414dc
  languageName: node
  linkType: hard

"workspace@workspace:.":
  version: 0.0.0-use.local
  resolution: "workspace@workspace:."
  dependencies:
    commander: "npm:^11.1.0"
    npmluau: "npm:^0.1.1"
  languageName: unknown
  linkType: soft
